
Microsoft Visual Studio Solution File, Format Version 12.00
# Visual Studio Version 17
VisualStudioVersion = 17.3.32929.385
MinimumVisualStudioVersion = 10.0.40219.1
Project("{FAE04EC0-301F-11D3-BF4B-00C04F79EFBC}") = "ByteBank.SistemaAgencia", "ByteBank.SistemaAgencia\ByteBank.SistemaAgencia.csproj", "{B9C11735-682B-4033-B9C3-E8428B1BFB1F}"
EndProject
Project("{FAE04EC0-301F-11D3-BF4B-00C04F79EFBC}") = "ByteBank.Modelos", "ByteBank.Modelos\ByteBank.Modelos.csproj", "{C798BB13-8E1C-4E3E-BE1A-B17AB6A56890}"
EndProject
Global
	GlobalSection(SolutionConfigurationPlatforms) = preSolution
		Debug|Any CPU = Debug|Any CPU
		Release|Any CPU = Release|Any CPU
	EndGlobalSection
	GlobalSection(ProjectConfigurationPlatforms) = postSolution
		{B9C11735-682B-4033-B9C3-E8428B1BFB1F}.Debug|Any CPU.ActiveCfg = Debug|Any CPU
		{B9C11735-682B-4033-B9C3-E8428B1BFB1F}.Debug|Any CPU.Build.0 = Debug|Any CPU
		{B9C11735-682B-4033-B9C3-E8428B1BFB1F}.Release|Any CPU.ActiveCfg = Release|Any CPU
		{B9C11735-682B-4033-B9C3-E8428B1BFB1F}.Release|Any CPU.Build.0 = Release|Any CPU
		{C798BB13-8E1C-4E3E-BE1A-B17AB6A56890}.Debug|Any CPU.ActiveCfg = Debug|Any CPU
		{C798BB13-8E1C-4E3E-BE1A-B17AB6A56890}.Debug|Any CPU.Build.0 = Debug|Any CPU
		{C798BB13-8E1C-4E3E-BE1A-B17AB6A56890}.Release|Any CPU.ActiveCfg = Release|Any CPU
		{C798BB13-8E1C-4E3E-BE1A-B17AB6A56890}.Release|Any CPU.Build.0 = Release|Any CPU
	EndGlobalSection
	GlobalSection(SolutionProperties) = preSolution
		HideSolutionNode = FALSE
	EndGlobalSection
	GlobalSection(ExtensibilityGlobals) = postSolution
		SolutionGuid = {E0329E0D-5628-4322-BD49-29D0837C03F6}
	EndGlobalSection
EndGlobal
